
Microsoft Visual Studio Solution File, Format Version 12.00
# Visual Studio 15
VisualStudioVersion = 15.0.28307.1145
MinimumVisualStudioVersion = 10.0.40219.1
Project("{FAE04EC0-301F-11D3-BF4B-00C04F79EFBC}") = "Princessa", "Princessa\Princessa.csproj", "{D8BC3732-1017-42AE-8B41-E56BCA9494ED}"
EndProject
Project("{FAE04EC0-301F-11D3-BF4B-00C04F79EFBC}") = "PrincessaLibrary", "PrincessaLibrary\PrincessaLibrary.csproj", "{3DEDDD6F-A446-4FED-92D2-0D4C0ABC8E80}"
EndProject
Project("{FAE04EC0-301F-11D3-BF4B-00C04F79EFBC}") = "PrincessaMonsters", "PrincessaMonsters\PrincessaMonsters.csproj", "{C3D2F948-04D1-4EAA-A124-F5B940DD22A4}"
EndProject
Global
	GlobalSection(SolutionConfigurationPlatforms) = preSolution
		Debug|Any CPU = Debug|Any CPU
		Release|Any CPU = Release|Any CPU
	EndGlobalSection
	GlobalSection(ProjectConfigurationPlatforms) = postSolution
		{D8BC3732-1017-42AE-8B41-E56BCA9494ED}.Debug|Any CPU.ActiveCfg = Debug|Any CPU
		{D8BC3732-1017-42AE-8B41-E56BCA9494ED}.Debug|Any CPU.Build.0 = Debug|Any CPU
		{D8BC3732-1017-42AE-8B41-E56BCA9494ED}.Release|Any CPU.ActiveCfg = Release|Any CPU
		{D8BC3732-1017-42AE-8B41-E56BCA9494ED}.Release|Any CPU.Build.0 = Release|Any CPU
		{3DEDDD6F-A446-4FED-92D2-0D4C0ABC8E80}.Debug|Any CPU.ActiveCfg = Debug|Any CPU
		{3DEDDD6F-A446-4FED-92D2-0D4C0ABC8E80}.Debug|Any CPU.Build.0 = Debug|Any CPU
		{3DEDDD6F-A446-4FED-92D2-0D4C0ABC8E80}.Release|Any CPU.ActiveCfg = Release|Any CPU
		{3DEDDD6F-A446-4FED-92D2-0D4C0ABC8E80}.Release|Any CPU.Build.0 = Release|Any CPU
		{C3D2F948-04D1-4EAA-A124-F5B940DD22A4}.Debug|Any CPU.ActiveCfg = Debug|Any CPU
		{C3D2F948-04D1-4EAA-A124-F5B940DD22A4}.Debug|Any CPU.Build.0 = Debug|Any CPU
		{C3D2F948-04D1-4EAA-A124-F5B940DD22A4}.Release|Any CPU.ActiveCfg = Release|Any CPU
		{C3D2F948-04D1-4EAA-A124-F5B940DD22A4}.Release|Any CPU.Build.0 = Release|Any CPU
	EndGlobalSection
	GlobalSection(SolutionProperties) = preSolution
		HideSolutionNode = FALSE
	EndGlobalSection
	GlobalSection(ExtensibilityGlobals) = postSolution
		SolutionGuid = {B6BEF764-383E-4BD6-8FCE-E7E819E4EF4E}
	EndGlobalSection
EndGlobal
